PODS:
  - Realm (10.33.0):
    - Realm/Headers (= 10.33.0)
  - Realm/Headers (10.33.0)
  - RealmSwift (10.33.0):
    - Realm (= 10.33.0)
  - SDWebImage (5.14.2):
    - SDWebImage/Core (= 5.14.2)
  - SDWebImage/Core (5.14.2)
  - SwiftLint (0.50.3)

DEPENDENCIES:
  - RealmSwift
  - SDWebImage
  - SwiftLint

SPEC REPOS:
  trunk:
    - Realm
    - RealmSwift
    - SDWebImage
    - SwiftLint

SPEC CHECKSUMS:
  Realm: d4f810e161fa2c2c589b9860b6eb09238deacd73
  RealmSwift: cef9946f09f2333a8f2ac8bac4f8de52fb9f5ac3
  SDWebImage: b9a731e1d6307f44ca703b3976d18c24ca561e84
  SwiftLint: 77f7cb2b9bb81ab4a12fcc86448ba3f11afa50c6

PODFILE CHECKSUM: f61c7ca3883ae2628cc881bb842c0297fe68d4ae

COCOAPODS: 1.11.3
